// !$*UTF8*$!
{
	archiveVersion = 1;
	classes = {
	};
	objectVersion = 46;
	objects = {

/* Begin PBXBuildFile section */
		110443701ED6837400CA52D7 /* main.m in Sources */ = {isa = PBXBuildFile; fileRef = 1104436F1ED6837400CA52D7 /* main.m */; };
		110443731ED6837400CA52D7 /* AppDelegate.m in Sources */ = {isa = PBXBuildFile; fileRef = 110443721ED6837400CA52D7 /* AppDelegate.m */; };
		110443761ED6837400CA52D7 /* ViewController.m in Sources */ = {isa = PBXBuildFile; fileRef = 110443751ED6837400CA52D7 /* ViewController.m */; };
		110443791ED6837400CA52D7 /* Main.storyboard in Resources */ = {isa = PBXBuildFile; fileRef = 110443771ED6837400CA52D7 /* Main.storyboard */; };
		1104437B1ED6837400CA52D7 /* Assets.xcassets in Resources */ = {isa = PBXBuildFile; fileRef = 1104437A1ED6837400CA52D7 /* Assets.xcassets */; };
		1104437E1ED6837400CA52D7 /* LaunchScreen.storyboard in Resources */ = {isa = PBXBuildFile; fileRef = 1104437C1ED6837400CA52D7 /* LaunchScreen.storyboard */; };
		110443891ED6837400CA52D7 /* ____Tests.m in Sources */ = {isa = PBXBuildFile; fileRef = 110443881ED6837400CA52D7 /* ____Tests.m */; };
		110443941ED6837400CA52D7 /* ____UITests.m in Sources */ = {isa = PBXBuildFile; fileRef = 110443931ED6837400CA52D7 /* ____UITests.m */; };
/* End PBXBuildFile section */

/* Begin PBXContainerItemProxy section */
		110443851ED6837400CA52D7 /* PBXContainerItemProxy */ = {
			isa = PBXContainerItemProxy;
			containerPortal = 110443631ED6837400CA52D7 /* Project object */;
			proxyType = 1;
			remoteGlobalIDString = 1104436A1ED6837400CA52D7;
			remoteInfo = "粒子动效";
		};
		110443901ED6837400CA52D7 /* PBXContainerItemProxy */ = {
			isa = PBXContainerItemProxy;
			containerPortal = 110443631ED6837400CA52D7 /* Project object */;
			proxyType = 1;
			remoteGlobalIDString = 1104436A1ED6837400CA52D7;
			remoteInfo = "粒子动效";
		};
/* End PBXContainerItemProxy section */

/* Begin PBXFileReference section */
		1104436B1ED6837400CA52D7 /* 粒子动效.app */ = {isa = PBXFileReference; explicitFileType = wrapper.application; includeInIndex = 0; path = "粒子动效.app"; sourceTree = BUILT_PRODUCTS_DIR; };
		1104436F1ED6837400CA52D7 /* main.m */ = {isa = PBXFileReference; lastKnownFileType = sourcecode.c.objc; path = main.m; sourceTree = "<group>"; };
		110443711ED6837400CA52D7 /* AppDelegate.h */ = {isa = PBXFileReference; lastKnownFileType = sourcecode.c.h; path = AppDelegate.h; sourceTree = "<group>"; };
		110443721ED6837400CA52D7 /* AppDelegate.m */ = {isa = PBXFileReference; lastKnownFileType = sourcecode.c.objc; path = AppDelegate.m; sourceTree = "<group>"; };
		110443741ED6837400CA52D7 /* ViewController.h */ = {isa = PBXFileReference; lastKnownFileType = sourcecode.c.h; path = ViewController.h; sourceTree = "<group>"; };
		110443751ED6837400CA52D7 /* ViewController.m */ = {isa = PBXFileReference; lastKnownFileType = sourcecode.c.objc; path = ViewController.m; sourceTree = "<group>"; };
		110443781ED6837400CA52D7 /* Base */ = {isa = PBXFileReference; lastKnownFileType = file.storyboard; name = Base; path = Base.lproj/Main.storyboard; sourceTree = "<group>"; };
		1104437A1ED6837400CA52D7 /* Assets.xcassets */ = {isa = PBXFileReference; lastKnownFileType = folder.assetcatalog; path = Assets.xcassets; sourceTree = "<group>"; };
		1104437D1ED6837400CA52D7 /* Base */ = {isa = PBXFileReference; lastKnownFileType = file.storyboard; name = Base; path = Base.lproj/LaunchScreen.storyboard; sourceTree = "<group>"; };
		1104437F1ED6837400CA52D7 /* Info.plist */ = {isa = PBXFileReference; lastKnownFileType = text.plist.xml; path = Info.plist; sourceTree = "<group>"; };
		110443841ED6837400CA52D7 /* 粒子动效Tests.xctest */ = {isa = PBXFileReference; explicitFileType = wrapper.cfbundle; includeInIndex = 0; path = "粒子动效Tests.xctest"; sourceTree = BUILT_PRODUCTS_DIR; };
		110443881ED6837400CA52D7 /* ____Tests.m */ = {isa = PBXFileReference; lastKnownFileType = sourcecode.c.objc; path = "____Tests.m"; sourceTree = "<group>"; };
		1104438A1ED6837400CA52D7 /* Info.plist */ = {isa = PBXFileReference; lastKnownFileType = text.plist.xml; path = Info.plist; sourceTree = "<group>"; };
		1104438F1ED6837400CA52D7 /* 粒子动效UITests.xctest */ = {isa = PBXFileReference; explicitFileType = wrapper.cfbundle; includeInIndex = 0; path = "粒子动效UITests.xctest"; sourceTree = BUILT_PRODUCTS_DIR; };
		110443931ED6837400CA52D7 /* ____UITests.m */ = {isa = PBXFileReference; lastKnownFileType = sourcecode.c.objc; path = "____UITests.m"; sourceTree = "<group>"; };
		110443951ED6837400CA52D7 /* Info.plist */ = {isa = PBXFileReference; lastKnownFileType = text.plist.xml; path = Info.plist; sourceTree = "<group>"; };
/* End PBXFileReference section */

/* Begin PBXFrameworksBuildPhase section */
		110443681ED6837400CA52D7 /* Frameworks */ = {
			isa = PBXFrameworksBuildPhase;
			buildActionMask = 2147483647;
			files = (
			);
			runOnlyForDeploymentPostprocessing = 0;
		};
		110443811ED6837400CA52D7 /* Frameworks */ = {
			isa = PBXFrameworksBuildPhase;
			buildActionMask = 2147483647;
			files = (
			);
			runOnlyForDeploymentPostprocessing = 0;
		};
		1104438C1ED6837400CA52D7 /* Frameworks */ = {
			isa = PBXFrameworksBuildPhase;
			buildActionMask = 2147483647;
			files = (
			);
			runOnlyForDeploymentPostprocessing = 0;
		};
/* End PBXFrameworksBuildPhase section */

/* Begin PBXGroup section */
		110443621ED6837400CA52D7 = {
			isa = PBXGroup;
			children = (
				1104436D1ED6837400CA52D7 /* 粒子动效 */,
				110443871ED6837400CA52D7 /* 粒子动效Tests */,
				110443921ED6837400CA52D7 /* 粒子动效UITests */,
				1104436C1ED6837400CA52D7 /* Products */,
			);
			sourceTree = "<group>";
		};
		1104436C1ED6837400CA52D7 /* Products */ = {
			isa = PBXGroup;
			children = (
				1104436B1ED6837400CA52D7 /* 粒子动效.app */,
				110443841ED6837400CA52D7 /* 粒子动效Tests.xctest */,
				1104438F1ED6837400CA52D7 /* 粒子动效UITests.xctest */,
			);
			name = Products;
			sourceTree = "<group>";
		};
		1104436D1ED6837400CA52D7 /* 粒子动效 */ = {
			isa = PBXGroup;
			children = (
				110443711ED6837400CA52D7 /* AppDelegate.h */,
				110443721ED6837400CA52D7 /* AppDelegate.m */,
				110443741ED6837400CA52D7 /* ViewController.h */,
				110443751ED6837400CA52D7 /* ViewController.m */,
				110443771ED6837400CA52D7 /* Main.storyboard */,
				1104437A1ED6837400CA52D7 /* Assets.xcassets */,
				1104437C1ED6837400CA52D7 /* LaunchScreen.storyboard */,
				1104437F1ED6837400CA52D7 /* Info.plist */,
				1104436E1ED6837400CA52D7 /* Supporting Files */,
			);
			path = "粒子动效";
			sourceTree = "<group>";
		};
		1104436E1ED6837400CA52D7 /* Supporting Files */ = {
			isa = PBXGroup;
			children = (
				1104436F1ED6837400CA52D7 /* main.m */,
			);
			name = "Supporting Files";
			sourceTree = "<group>";
		};
		110443871ED6837400CA52D7 /* 粒子动效Tests */ = {
			isa = PBXGroup;
			children = (
				110443881ED6837400CA52D7 /* ____Tests.m */,
				1104438A1ED6837400CA52D7 /* Info.plist */,
			);
			path = "粒子动效Tests";
			sourceTree = "<group>";
		};
		110443921ED6837400CA52D7 /* 粒子动效UITests */ = {
			isa = PBXGroup;
			children = (
				110443931ED6837400CA52D7 /* ____UITests.m */,
				110443951ED6837400CA52D7 /* Info.plist */,
			);
			path = "粒子动效UITests";
			sourceTree = "<group>";
		};
/* End PBXGroup section */

/* Begin PBXNativeTarget section */
		1104436A1ED6837400CA52D7 /* 粒子动效 */ = {
			isa = PBXNativeTarget;
			buildConfigurationList = 110443981ED6837400CA52D7 /* Build configuration list for PBXNativeTarget "粒子动效" */;
			buildPhases = (
				110443671ED6837400CA52D7 /* Sources */,
				110443681ED6837400CA52D7 /* Frameworks */,
				110443691ED6837400CA52D7 /* Resources */,
			);
			buildRules = (
			);
			dependencies = (
			);
			name = "粒子动效";
			productName = "粒子动效";
			productReference = 1104436B1ED6837400CA52D7 /* 粒子动效.app */;
			productType = "com.apple.product-type.application";
		};
		110443831ED6837400CA52D7 /* 粒子动效Tests */ = {
			isa = PBXNativeTarget;
			buildConfigurationList = 1104439B1ED6837400CA52D7 /* Build configuration list for PBXNativeTarget "粒子动效Tests" */;
			buildPhases = (
				110443801ED6837400CA52D7 /* Sources */,
				110443811ED6837400CA52D7 /* Frameworks */,
				110443821ED6837400CA52D7 /* Resources */,
			);
			buildRules = (
			);
			dependencies = (
				110443861ED6837400CA52D7 /* PBXTargetDependency */,
			);
			name = "粒子动效Tests";
			productName = "粒子动效Tests";
			productReference = 110443841ED6837400CA52D7 /* 粒子动效Tests.xctest */;
			productType = "com.apple.product-type.bundle.unit-test";
		};
		1104438E1ED6837400CA52D7 /* 粒子动效UITests */ = {
			isa = PBXNativeTarget;
			buildConfigurationList = 1104439E1ED6837400CA52D7 /* Build configuration list for PBXNativeTarget "粒子动效UITests" */;
			buildPhases = (
				1104438B1ED6837400CA52D7 /* Sources */,
				1104438C1ED6837400CA52D7 /* Frameworks */,
				1104438D1ED6837400CA52D7 /* Resources */,
			);
			buildRules = (
			);
			dependencies = (
				110443911ED6837400CA52D7 /* PBXTargetDependency */,
			);
			name = "粒子动效UITests";
			productName = "粒子动效UITests";
			productReference = 1104438F1ED6837400CA52D7 /* 粒子动效UITests.xctest */;
			productType = "com.apple.product-type.bundle.ui-testing";
		};
/* End PBXNativeTarget section */

/* Begin PBXProject section */
		110443631ED6837400CA52D7 /* Project object */ = {
			isa = PBXProject;
			attributes = {
				LastUpgradeCheck = 0830;
				ORGANIZATIONNAME = "中天易观";
				TargetAttributes = {
					1104436A1ED6837400CA52D7 = {
						CreatedOnToolsVersion = 8.3.2;
						DevelopmentTeam = 6VBE2N88LJ;
						ProvisioningStyle = Automatic;
					};
					110443831ED6837400CA52D7 = {
						CreatedOnToolsVersion = 8.3.2;
						DevelopmentTeam = 6VBE2N88LJ;
						ProvisioningStyle = Automatic;
						TestTargetID = 1104436A1ED6837400CA52D7;
					};
					1104438E1ED6837400CA52D7 = {
						CreatedOnToolsVersion = 8.3.2;
						DevelopmentTeam = 6VBE2N88LJ;
						ProvisioningStyle = Automatic;
						TestTargetID = 1104436A1ED6837400CA52D7;
					};
				};
			};
			buildConfigurationList = 110443661ED6837400CA52D7 /* Build configuration list for PBXProject "粒子动效" */;
			compatibilityVersion = "Xcode 3.2";
			developmentRegion = English;
			hasScannedForEncodings = 0;
			knownRegions = (
				en,
				Base,
			);
			mainGroup = 110443621ED6837400CA52D7;
			productRefGroup = 1104436C1ED6837400CA52D7 /* Products */;
			projectDirPath = "";
			projectRoot = "";
			targets = (
				1104436A1ED6837400CA52D7 /* 粒子动效 */,
				110443831ED6837400CA52D7 /* 粒子动效Tests */,
				1104438E1ED6837400CA52D7 /* 粒子动效UITests */,
			);
		};
/* End PBXProject section */

/* Begin PBXResourcesBuildPhase section */
		110443691ED6837400CA52D7 /* Resources */ = {
			isa = PBXResourcesBuildPhase;
			buildActionMask = 2147483647;
			files = (
				1104437E1ED6837400CA52D7 /* LaunchScreen.storyboard in Resources */,
				1104437B1ED6837400CA52D7 /* Assets.xcassets in Resources */,
				110443791ED6837400CA52D7 /* Main.storyboard in Resources */,
			);
			runOnlyForDeploymentPostprocessing = 0;
		};
		110443821ED6837400CA52D7 /* Resources */ = {
			isa = PBXResourcesBuildPhase;
			buildActionMask = 2147483647;
			files = (
			);
			runOnlyForDeploymentPostprocessing = 0;
		};
		1104438D1ED6837400CA52D7 /* Resources */ = {
			isa = PBXResourcesBuildPhase;
			buildActionMask = 2147483647;
			files = (
			);
			runOnlyForDeploymentPostprocessing = 0;
		};
/* End PBXResourcesBuildPhase section */

/* Begin PBXSourcesBuildPhase section */
		110443671ED6837400CA52D7 /* Sources */ = {
			isa = PBXSourcesBuildPhase;
			buildActionMask = 2147483647;
			files = (
				110443761ED6837400CA52D7 /* ViewController.m in Sources */,
				110443731ED6837400CA52D7 /* AppDelegate.m in Sources */,
				110443701ED6837400CA52D7 /* main.m in Sources */,
			);
			runOnlyForDeploymentPostprocessing = 0;
		};
		110443801ED6837400CA52D7 /* Sources */ = {
			isa = PBXSourcesBuildPhase;
			buildActionMask = 2147483647;
			files = (
				110443891ED6837400CA52D7 /* ____Tests.m in Sources */,
			);
			runOnlyForDeploymentPostprocessing = 0;
		};
		1104438B1ED6837400CA52D7 /* Sources */ = {
			isa = PBXSourcesBuildPhase;
			buildActionMask = 2147483647;
			files = (
				110443941ED6837400CA52D7 /* ____UITests.m in Sources */,
			);
			runOnlyForDeploymentPostprocessing = 0;
		};
/* End PBXSourcesBuildPhase section */

/* Begin PBXTargetDependency section */
		110443861ED6837400CA52D7 /* PBXTargetDependency */ = {
			isa = PBXTargetDependency;
			target = 1104436A1ED6837400CA52D7 /* 粒子动效 */;
			targetProxy = 110443851ED6837400CA52D7 /* PBXContainerItemProxy */;
		};
		110443911ED6837400CA52D7 /* PBXTargetDependency */ = {
			isa = PBXTargetDependency;
			target = 1104436A1ED6837400CA52D7 /* 粒子动效 */;
			targetProxy = 110443901ED6837400CA52D7 /* PBXContainerItemProxy */;
		};
/* End PBXTargetDependency section */

/* Begin PBXVariantGroup section */
		110443771ED6837400CA52D7 /* Main.storyboard */ = {
			isa = PBXVariantGroup;
			children = (
				110443781ED6837400CA52D7 /* Base */,
			);
			name = Main.storyboard;
			sourceTree = "<group>";
		};
		1104437C1ED6837400CA52D7 /* LaunchScreen.storyboard */ = {
			isa = PBXVariantGroup;
			children = (
				1104437D1ED6837400CA52D7 /* Base */,
			);
			name = LaunchScreen.storyboard;
			sourceTree = "<group>";
		};
/* End PBXVariantGroup section */

/* Begin XCBuildConfiguration section */
		110443961ED6837400CA52D7 /* Debug */ = {
			isa = XCBuildConfiguration;
			buildSettings = {
				ALWAYS_SEARCH_USER_PATHS = NO;
				CLANG_ANALYZER_NONNULL = YES;
				CLANG_ANALYZER_NUMBER_OBJECT_CONVERSION = YES_AGGRESSIVE;
				CLANG_CXX_LANGUAGE_STANDARD = "gnu++0x";
				CLANG_CXX_LIBRARY = "libc++";
				CLANG_ENABLE_MODULES = YES;
				CLANG_ENABLE_OBJC_ARC = YES;
				CLANG_WARN_BOOL_CONVERSION = YES;
				CLANG_WARN_CONSTANT_CONVERSION = YES;
				CLANG_WARN_DIRECT_OBJC_ISA_USAGE = YES_ERROR;
				CLANG_WARN_DOCUMENTATION_COMMENTS = YES;
				CLANG_WARN_EMPTY_BODY = YES;
				CLANG_WARN_ENUM_CONVERSION = YES;
				CLANG_WARN_INFINITE_RECURSION = YES;
				CLANG_WARN_INT_CONVERSION = YES;
				CLANG_WARN_OBJC_ROOT_CLASS = YES_ERROR;
				CLANG_WARN_SUSPICIOUS_MOVE = YES;
				CLANG_WARN_UNREACHABLE_CODE = YES;
				CLANG_WARN__DUPLICATE_METHOD_MATCH = YES;
				"CODE_SIGN_IDENTITY[sdk=iphoneos*]" = "iPhone Developer";
				COPY_PHASE_STRIP = NO;
				DEBUG_INFORMATION_FORMAT = dwarf;
				ENABLE_STRICT_OBJC_MSGSEND = YES;
				ENABLE_TESTABILITY = YES;
				GCC_C_LANGUAGE_STANDARD = gnu99;
				GCC_DYNAMIC_NO_PIC = NO;
				GCC_NO_COMMON_BLOCKS = YES;
				GCC_OPTIMIZATION_LEVEL = 0;
				GCC_PREPROCESSOR_DEFINITIONS = (
					"DEBUG=1",
					"$(inherited)",
				);
				GCC_WARN_64_TO_32_BIT_CONVERSION = YES;
				GCC_WARN_ABOUT_RETURN_TYPE = YES_ERROR;
				GCC_WARN_UNDECLARED_SELECTOR = YES;
				GCC_WARN_UNINITIALIZED_AUTOS = YES_AGGRESSIVE;
				GCC_WARN_UNUSED_FUNCTION = YES;
				GCC_WARN_UNUSED_VARIABLE = YES;
				IPHONEOS_DEPLOYMENT_TARGET = 10.3;
				MTL_ENABLE_DEBUG_INFO = YES;
				ONLY_ACTIVE_ARCH = YES;
				SDKROOT = iphoneos;
			};
			name = Debug;
		};
		110443971ED6837400CA52D7 /* Release */ = {
			isa = XCBuildConfiguration;
			buildSettings = {
				ALWAYS_SEARCH_USER_PATHS = NO;
				CLANG_ANALYZER_NONNULL = YES;
				CLANG_ANALYZER_NUMBER_OBJECT_CONVERSION = YES_AGGRESSIVE;
				CLANG_CXX_LANGUAGE_STANDARD = "gnu++0x";
				CLANG_CXX_LIBRARY = "libc++";
				CLANG_ENABLE_MODULES = YES;
				CLANG_ENABLE_OBJC_ARC = YES;
				CLANG_WARN_BOOL_CONVERSION = YES;
				CLANG_WARN_CONSTANT_CONVERSION = YES;
				CLANG_WARN_DIRECT_OBJC_ISA_USAGE = YES_ERROR;
				CLANG_WARN_DOCUMENTATION_COMMENTS = YES;
				CLANG_WARN_EMPTY_BODY = YES;
				CLANG_WARN_ENUM_CONVERSION = YES;
				CLANG_WARN_INFINITE_RECURSION = YES;
				CLANG_WARN_INT_CONVERSION = YES;
				CLANG_WARN_OBJC_ROOT_CLASS = YES_ERROR;
				CLANG_WARN_SUSPICIOUS_MOVE = YES;
				CLANG_WARN_UNREACHABLE_CODE = YES;
				CLANG_WARN__DUPLICATE_METHOD_MATCH = YES;
				"CODE_SIGN_IDENTITY[sdk=iphoneos*]" = "iPhone Developer";
				COPY_PHASE_STRIP = NO;
				DEBUG_INFORMATION_FORMAT = "dwarf-with-dsym";
				ENABLE_NS_ASSERTIONS = NO;
				ENABLE_STRICT_OBJC_MSGSEND = YES;
				GCC_C_LANGUAGE_STANDARD = gnu99;
				GCC_NO_COMMON_BLOCKS = YES;
				GCC_WARN_64_TO_32_BIT_CONVERSION = YES;
				GCC_WARN_ABOUT_RETURN_TYPE = YES_ERROR;
				GCC_WARN_UNDECLARED_SELECTOR = YES;
				GCC_WARN_UNINITIALIZED_AUTOS = YES_AGGRESSIVE;
				GCC_WARN_UNUSED_FUNCTION = YES;
				GCC_WARN_UNUSED_VARIABLE = YES;
				IPHONEOS_DEPLOYMENT_TARGET = 10.3;
				MTL_ENABLE_DEBUG_INFO = NO;
				SDKROOT = iphoneos;
				VALIDATE_PRODUCT = YES;
			};
			name = Release;
		};
		110443991ED6837400CA52D7 /* Debug */ = {
			isa = XCBuildConfiguration;
			buildSettings = {
				ASSETCATALOG_COMPILER_APPICON_NAME = AppIcon;
				DEVELOPMENT_TEAM = 6VBE2N88LJ;
				INFOPLIST_FILE = "粒子动效/Info.plist";
				LD_RUNPATH_SEARCH_PATHS = "$(inherited) @executable_path/Frameworks";
				PRODUCT_BUNDLE_IDENTIFIER = "com.iezview.----";
				PRODUCT_NAME = "$(TARGET_NAME)";
			};
			name = Debug;
		};
		1104439A1ED6837400CA52D7 /* Release */ = {
			isa = XCBuildConfiguration;
			buildSettings = {
				ASSETCATALOG_COMPILER_APPICON_NAME = AppIcon;
				DEVELOPMENT_TEAM = 6VBE2N88LJ;
				INFOPLIST_FILE = "粒子动效/Info.plist";
				LD_RUNPATH_SEARCH_PATHS = "$(inherited) @executable_path/Frameworks";
				PRODUCT_BUNDLE_IDENTIFIER = "com.iezview.----";
				PRODUCT_NAME = "$(TARGET_NAME)";
			};
			name = Release;
		};
		1104439C1ED6837400CA52D7 /* Debug */ = {
			isa = XCBuildConfiguration;
			buildSettings = {
				BUNDLE_LOADER = "$(TEST_HOST)";
				DEVELOPMENT_TEAM = 6VBE2N88LJ;
				INFOPLIST_FILE = "粒子动效Tests/Info.plist";
				LD_RUNPATH_SEARCH_PATHS = "$(inherited) @executable_path/Frameworks @loader_path/Frameworks";
				PRODUCT_BUNDLE_IDENTIFIER = "com.iezview.----Tests";
				PRODUCT_NAME = "$(TARGET_NAME)";
				TEST_HOST = "$(BUILT_PRODUCTS_DIR)/粒子动效.app/粒子动效";
			};
			name = Debug;
		};
		1104439D1ED6837400CA52D7 /* Release */ = {
			isa = XCBuildConfiguration;
			buildSettings = {
				BUNDLE_LOADER = "$(TEST_HOST)";
				DEVELOPMENT_TEAM = 6VBE2N88LJ;
				INFOPLIST_FILE = "粒子动效Tests/Info.plist";
				LD_RUNPATH_SEARCH_PATHS = "$(inherited) @executable_path/Frameworks @loader_path/Frameworks";
				PRODUCT_BUNDLE_IDENTIFIER = "com.iezview.----Tests";
				PRODUCT_NAME = "$(TARGET_NAME)";
				TEST_HOST = "$(BUILT_PRODUCTS_DIR)/粒子动效.app/粒子动效";
			};
			name = Release;
		};
		1104439F1ED6837400CA52D7 /* Debug */ = {
			isa = XCBuildConfiguration;
			buildSettings = {
				DEVELOPMENT_TEAM = 6VBE2N88LJ;
				INFOPLIST_FILE = "粒子动效UITests/Info.plist";
				LD_RUNPATH_SEARCH_PATHS = "$(inherited) @executable_path/Frameworks @loader_path/Frameworks";
				PRODUCT_BUNDLE_IDENTIFIER = "com.iezview.----UITests";
				PRODUCT_NAME = "$(TARGET_NAME)";
				TEST_TARGET_NAME = "粒子动效";
			};
			name = Debug;
		};
		110443A01ED6837400CA52D7 /* Release */ = {
			isa = XCBuildConfiguration;
			buildSettings = {
				DEVELOPMENT_TEAM = 6VBE2N88LJ;
				INFOPLIST_FILE = "粒子动效UITests/Info.plist";
				LD_RUNPATH_SEARCH_PATHS = "$(inherited) @executable_path/Frameworks @loader_path/Frameworks";
				PRODUCT_BUNDLE_IDENTIFIER = "com.iezview.----UITests";
				PRODUCT_NAME = "$(TARGET_NAME)";
				TEST_TARGET_NAME = "粒子动效";
			};
			name = Release;
		};
/* End XCBuildConfiguration section */

/* Begin XCConfigurationList section */
		110443661ED6837400CA52D7 /* Build configuration list for PBXProject "粒子动效" */ = {
			isa = XCConfigurationList;
			buildConfigurations = (
				110443961ED6837400CA52D7 /* Debug */,
				110443971ED6837400CA52D7 /* Release */,
			);
			defaultConfigurationIsVisible = 0;
			defaultConfigurationName = Release;
		};
		110443981ED6837400CA52D7 /* Build configuration list for PBXNativeTarget "粒子动效" */ = {
			isa = XCConfigurationList;
			buildConfigurations = (
				110443991ED6837400CA52D7 /* Debug */,
				1104439A1ED6837400CA52D7 /* Release */,
			);
			defaultConfigurationIsVisible = 0;
		};
		1104439B1ED6837400CA52D7 /* Build configuration list for PBXNativeTarget "粒子动效Tests" */ = {
			isa = XCConfigurationList;
			buildConfigurations = (
				1104439C1ED6837400CA52D7 /* Debug */,
				1104439D1ED6837400CA52D7 /* Release */,
			);
			defaultConfigurationIsVisible = 0;
		};
		1104439E1ED6837400CA52D7 /* Build configuration list for PBXNativeTarget "粒子动效UITests" */ = {
			isa = XCConfigurationList;
			buildConfigurations = (
				1104439F1ED6837400CA52D7 /* Debug */,
				110443A01ED6837400CA52D7 /* Release */,
			);
			defaultConfigurationIsVisible = 0;
		};
/* End XCConfigurationList section */
	};
	rootObject = 110443631ED6837400CA52D7 /* Project object */;
}
